// !$*UTF8*$!
{
	archiveVersion = 1;
	classes = {
	};
	objectVersion = 56;
	objects = {

/* Begin PBXBuildFile section */
		B0393EE62C0B094C0086831B /* ChattingTableViewCell.xib in Resources */ = {isa = PBXBuildFile; fileRef = B0393EE52C0B094C0086831B /* ChattingTableViewCell.xib */; };
		B0393EE72C0B094C0086831B /* ChattingTableViewCell.swift in Sources */ = {isa = PBXBuildFile; fileRef = B0393EE42C0B094C0086831B /* ChattingTableViewCell.swift */; };
		B0393EEA2C0B09600086831B /* UserChattingTableViewCell.xib in Resources */ = {isa = PBXBuildFile; fileRef = B0393EE92C0B09600086831B /* UserChattingTableViewCell.xib */; };
		B0393EEB2C0B09600086831B /* UserChattingTableViewCell.swift in Sources */ = {isa = PBXBuildFile; fileRef = B0393EE82C0B09600086831B /* UserChattingTableViewCell.swift */; };
		B07483CB2C0A356600E09147 /* TravelTalkTableViewCell.xib in Resources */ = {isa = PBXBuildFile; fileRef = B07483CA2C0A356500E09147 /* TravelTalkTableViewCell.xib */; };
		B07483CC2C0A356600E09147 /* TravelTalkTableViewCell.swift in Sources */ = {isa = PBXBuildFile; fileRef = B07483C92C0A356500E09147 /* TravelTalkTableViewCell.swift */; };
		B07483CE2C0A363500E09147 /* ReuseIdentifierProtocol.swift in Sources */ = {isa = PBXBuildFile; fileRef = B07483CD2C0A363500E09147 /* ReuseIdentifierProtocol.swift */; };
		B07483D12C0B051A00E09147 /* ChattingViewController.swift in Sources */ = {isa = PBXBuildFile; fileRef = B07483D02C0B051A00E09147 /* ChattingViewController.swift */; };
		B09809BF2C0A2B790039F399 /* AppDelegate.swift in Sources */ = {isa = PBXBuildFile; fileRef = B09809BE2C0A2B790039F399 /* AppDelegate.swift */; };
		B09809C12C0A2B790039F399 /* SceneDelegate.swift in Sources */ = {isa = PBXBuildFile; fileRef = B09809C02C0A2B790039F399 /* SceneDelegate.swift */; };
		B09809C32C0A2B790039F399 /* ViewController.swift in Sources */ = {isa = PBXBuildFile; fileRef = B09809C22C0A2B790039F399 /* ViewController.swift */; };
		B09809C62C0A2B790039F399 /* Base in Resources */ = {isa = PBXBuildFile; fileRef = B09809C52C0A2B790039F399 /* Base */; };
		B09809C82C0A2B7A0039F399 /* Assets.xcassets in Resources */ = {isa = PBXBuildFile; fileRef = B09809C72C0A2B7A0039F399 /* Assets.xcassets */; };
		B09809CB2C0A2B7A0039F399 /* Base in Resources */ = {isa = PBXBuildFile; fileRef = B09809CA2C0A2B7A0039F399 /* Base */; };
		B09809D32C0A30910039F399 /* ChattingData.swift in Sources */ = {isa = PBXBuildFile; fileRef = B09809D22C0A30910039F399 /* ChattingData.swift */; };
		B09809D52C0A30DC0039F399 /* TravelTalkViewController.swift in Sources */ = {isa = PBXBuildFile; fileRef = B09809D42C0A30DC0039F399 /* TravelTalkViewController.swift */; };
/* End PBXBuildFile section */

/* Begin PBXFileReference section */
		B0393EE42C0B094C0086831B /* ChattingTableViewCell.swift */ = {isa = PBXFileReference; lastKnownFileType = sourcecode.swift; path = ChattingTableViewCell.swift; sourceTree = "<group>"; };
		B0393EE52C0B094C0086831B /* ChattingTableViewCell.xib */ = {isa = PBXFileReference; lastKnownFileType = file.xib; path = ChattingTableViewCell.xib; sourceTree = "<group>"; };
		B0393EE82C0B09600086831B /* UserChattingTableViewCell.swift */ = {isa = PBXFileReference; lastKnownFileType = sourcecode.swift; path = UserChattingTableViewCell.swift; sourceTree = "<group>"; };
		B0393EE92C0B09600086831B /* UserChattingTableViewCell.xib */ = {isa = PBXFileReference; lastKnownFileType = file.xib; path = UserChattingTableViewCell.xib; sourceTree = "<group>"; };
		B07483C92C0A356500E09147 /* TravelTalkTableViewCell.swift */ = {isa = PBXFileReference; lastKnownFileType = sourcecode.swift; path = TravelTalkTableViewCell.swift; sourceTree = "<group>"; };
		B07483CA2C0A356500E09147 /* TravelTalkTableViewCell.xib */ = {isa = PBXFileReference; lastKnownFileType = file.xib; path = TravelTalkTableViewCell.xib; sourceTree = "<group>"; };
		B07483CD2C0A363500E09147 /* ReuseIdentifierProtocol.swift */ = {isa = PBXFileReference; lastKnownFileType = sourcecode.swift; path = ReuseIdentifierProtocol.swift; sourceTree = "<group>"; };
		B07483D02C0B051A00E09147 /* ChattingViewController.swift */ = {isa = PBXFileReference; lastKnownFileType = sourcecode.swift; path = ChattingViewController.swift; sourceTree = "<group>"; };
		B09809BB2C0A2B790039F399 /* TravelTalk_0531.app */ = {isa = PBXFileReference; explicitFileType = wrapper.application; includeInIndex = 0; path = TravelTalk_0531.app; sourceTree = BUILT_PRODUCTS_DIR; };
		B09809BE2C0A2B790039F399 /* AppDelegate.swift */ = {isa = PBXFileReference; lastKnownFileType = sourcecode.swift; path = AppDelegate.swift; sourceTree = "<group>"; };
		B09809C02C0A2B790039F399 /* SceneDelegate.swift */ = {isa = PBXFileReference; lastKnownFileType = sourcecode.swift; path = SceneDelegate.swift; sourceTree = "<group>"; };
		B09809C22C0A2B790039F399 /* ViewController.swift */ = {isa = PBXFileReference; lastKnownFileType = sourcecode.swift; path = ViewController.swift; sourceTree = "<group>"; };
		B09809C52C0A2B790039F399 /* Base */ = {isa = PBXFileReference; lastKnownFileType = file.storyboard; name = Base; path = Base.lproj/Main.storyboard; sourceTree = "<group>"; };
		B09809C72C0A2B7A0039F399 /* Assets.xcassets */ = {isa = PBXFileReference; lastKnownFileType = folder.assetcatalog; path = Assets.xcassets; sourceTree = "<group>"; };
		B09809CA2C0A2B7A0039F399 /* Base */ = {isa = PBXFileReference; lastKnownFileType = file.storyboard; name = Base; path = Base.lproj/LaunchScreen.storyboard; sourceTree = "<group>"; };
		B09809CC2C0A2B7A0039F399 /* Info.plist */ = {isa = PBXFileReference; lastKnownFileType = text.plist.xml; path = Info.plist; sourceTree = "<group>"; };
		B09809D22C0A30910039F399 /* ChattingData.swift */ = {isa = PBXFileReference; fileEncoding = 4; lastKnownFileType = sourcecode.swift; path = ChattingData.swift; sourceTree = "<group>"; };
		B09809D42C0A30DC0039F399 /* TravelTalkViewController.swift */ = {isa = PBXFileReference; lastKnownFileType = sourcecode.swift; path = TravelTalkViewController.swift; sourceTree = "<group>"; };
/* End PBXFileReference section */

/* Begin PBXFrameworksBuildPhase section */
		B09809B82C0A2B790039F399 /* Frameworks */ = {
			isa = PBXFrameworksBuildPhase;
			buildActionMask = 2147483647;
			files = (
			);
			runOnlyForDeploymentPostprocessing = 0;
		};
/* End PBXFrameworksBuildPhase section */

/* Begin PBXGroup section */
		B07483CF2C0A36AC00E09147 /* Extension */ = {
			isa = PBXGroup;
			children = (
				B07483CD2C0A363500E09147 /* ReuseIdentifierProtocol.swift */,
			);
			path = Extension;
			sourceTree = "<group>";
		};
		B09809B22C0A2B790039F399 = {
			isa = PBXGroup;
			children = (
				B09809BD2C0A2B790039F399 /* TravelTalk_0531 */,
				B09809BC2C0A2B790039F399 /* Products */,
			);
			sourceTree = "<group>";
		};
		B09809BC2C0A2B790039F399 /* Products */ = {
			isa = PBXGroup;
			children = (
				B09809BB2C0A2B790039F399 /* TravelTalk_0531.app */,
			);
			name = Products;
			sourceTree = "<group>";
		};
		B09809BD2C0A2B790039F399 /* TravelTalk_0531 */ = {
			isa = PBXGroup;
			children = (
				B09809D22C0A30910039F399 /* ChattingData.swift */,
				B09809D62C0A30E40039F399 /* TravelTalk */,
				B09809BE2C0A2B790039F399 /* AppDelegate.swift */,
				B09809C02C0A2B790039F399 /* SceneDelegate.swift */,
				B09809C22C0A2B790039F399 /* ViewController.swift */,
				B07483CF2C0A36AC00E09147 /* Extension */,
				B09809C42C0A2B790039F399 /* Main.storyboard */,
				B09809C72C0A2B7A0039F399 /* Assets.xcassets */,
				B09809C92C0A2B7A0039F399 /* LaunchScreen.storyboard */,
				B09809CC2C0A2B7A0039F399 /* Info.plist */,
			);
			path = TravelTalk_0531;
			sourceTree = "<group>";
		};
		B09809D62C0A30E40039F399 /* TravelTalk */ = {
			isa = PBXGroup;
			children = (
				B09809D42C0A30DC0039F399 /* TravelTalkViewController.swift */,
				B07483C92C0A356500E09147 /* TravelTalkTableViewCell.swift */,
				B07483CA2C0A356500E09147 /* TravelTalkTableViewCell.xib */,
				B07483D02C0B051A00E09147 /* ChattingViewController.swift */,
				B0393EE42C0B094C0086831B /* ChattingTableViewCell.swift */,
				B0393EE52C0B094C0086831B /* ChattingTableViewCell.xib */,
				B0393EE82C0B09600086831B /* UserChattingTableViewCell.swift */,
				B0393EE92C0B09600086831B /* UserChattingTableViewCell.xib */,
			);
			path = TravelTalk;
			sourceTree = "<group>";
		};
/* End PBXGroup section */

/* Begin PBXNativeTarget section */
		B09809BA2C0A2B790039F399 /* TravelTalk_0531 */ = {
			isa = PBXNativeTarget;
			buildConfigurationList = B09809CF2C0A2B7A0039F399 /* Build configuration list for PBXNativeTarget "TravelTalk_0531" */;
			buildPhases = (
				B09809B72C0A2B790039F399 /* Sources */,
				B09809B82C0A2B790039F399 /* Frameworks */,
				B09809B92C0A2B790039F399 /* Resources */,
			);
			buildRules = (
			);
			dependencies = (
			);
			name = TravelTalk_0531;
			productName = TravelTalk_0531;
			productReference = B09809BB2C0A2B790039F399 /* TravelTalk_0531.app */;
			productType = "com.apple.product-type.application";
		};
/* End PBXNativeTarget section */

/* Begin PBXProject section */
		B09809B32C0A2B790039F399 /* Project object */ = {
			isa = PBXProject;
			attributes = {
				BuildIndependentTargetsInParallel = 1;
				LastSwiftUpdateCheck = 1540;
				LastUpgradeCheck = 1540;
				TargetAttributes = {
					B09809BA2C0A2B790039F399 = {
						CreatedOnToolsVersion = 15.4;
					};
				};
			};
			buildConfigurationList = B09809B62C0A2B790039F399 /* Build configuration list for PBXProject "TravelTalk_0531" */;
			compatibilityVersion = "Xcode 14.0";
			developmentRegion = en;
			hasScannedForEncodings = 0;
			knownRegions = (
				en,
				Base,
			);
			mainGroup = B09809B22C0A2B790039F399;
			productRefGroup = B09809BC2C0A2B790039F399 /* Products */;
			projectDirPath = "";
			projectRoot = "";
			targets = (
				B09809BA2C0A2B790039F399 /* TravelTalk_0531 */,
			);
		};
/* End PBXProject section */

/* Begin PBXResourcesBuildPhase section */
		B09809B92C0A2B790039F399 /* Resources */ = {
			isa = PBXResourcesBuildPhase;
			buildActionMask = 2147483647;
			files = (
				B09809C82C0A2B7A0039F399 /* Assets.xcassets in Resources */,
				B0393EE62C0B094C0086831B /* ChattingTableViewCell.xib in Resources */,
				B07483CB2C0A356600E09147 /* TravelTalkTableViewCell.xib in Resources */,
				B09809CB2C0A2B7A0039F399 /* Base in Resources */,
				B0393EEA2C0B09600086831B /* UserChattingTableViewCell.xib in Resources */,
				B09809C62C0A2B790039F399 /* Base in Resources */,
			);
			runOnlyForDeploymentPostprocessing = 0;
		};
/* End PBXResourcesBuildPhase section */

/* Begin PBXSourcesBuildPhase section */
		B09809B72C0A2B790039F399 /* Sources */ = {
			isa = PBXSourcesBuildPhase;
			buildActionMask = 2147483647;
			files = (
				B07483D12C0B051A00E09147 /* ChattingViewController.swift in Sources */,
				B09809C32C0A2B790039F399 /* ViewController.swift in Sources */,
				B0393EE72C0B094C0086831B /* ChattingTableViewCell.swift in Sources */,
				B09809D32C0A30910039F399 /* ChattingData.swift in Sources */,
				B09809D52C0A30DC0039F399 /* TravelTalkViewController.swift in Sources */,
				B09809BF2C0A2B790039F399 /* AppDelegate.swift in Sources */,
				B0393EEB2C0B09600086831B /* UserChattingTableViewCell.swift in Sources */,
				B07483CE2C0A363500E09147 /* ReuseIdentifierProtocol.swift in Sources */,
				B09809C12C0A2B790039F399 /* SceneDelegate.swift in Sources */,
				B07483CC2C0A356600E09147 /* TravelTalkTableViewCell.swift in Sources */,
			);
			runOnlyForDeploymentPostprocessing = 0;
		};
/* End PBXSourcesBuildPhase section */

/* Begin PBXVariantGroup section */
		B09809C42C0A2B790039F399 /* Main.storyboard */ = {
			isa = PBXVariantGroup;
			children = (
				B09809C52C0A2B790039F399 /* Base */,
			);
			name = Main.storyboard;
			sourceTree = "<group>";
		};
		B09809C92C0A2B7A0039F399 /* LaunchScreen.storyboard */ = {
			isa = PBXVariantGroup;
			children = (
				B09809CA2C0A2B7A0039F399 /* Base */,
			);
			name = LaunchScreen.storyboard;
			sourceTree = "<group>";
		};
/* End PBXVariantGroup section */

/* Begin XCBuildConfiguration section */
		B09809CD2C0A2B7A0039F399 /* Debug */ = {
			isa = XCBuildConfiguration;
			buildSettings = {
				ALWAYS_SEARCH_USER_PATHS = NO;
				ASSETCATALOG_COMPILER_GENERATE_SWIFT_ASSET_SYMBOL_EXTENSIONS = YES;
				CLANG_ANALYZER_NONNULL = YES;
				CLANG_ANALYZER_NUMBER_OBJECT_CONVERSION = YES_AGGRESSIVE;
				CLANG_CXX_LANGUAGE_STANDARD = "gnu++20";
				CLANG_ENABLE_MODULES = YES;
				CLANG_ENABLE_OBJC_ARC = YES;
				CLANG_ENABLE_OBJC_WEAK = YES;
				CLANG_WARN_BLOCK_CAPTURE_AUTORELEASING = YES;
				CLANG_WARN_BOOL_CONVERSION = YES;
				CLANG_WARN_COMMA = YES;
				CLANG_WARN_CONSTANT_CONVERSION = YES;
				CLANG_WARN_DEPRECATED_OBJC_IMPLEMENTATIONS = YES;
				CLANG_WARN_DIRECT_OBJC_ISA_USAGE = YES_ERROR;
				CLANG_WARN_DOCUMENTATION_COMMENTS = YES;
				CLANG_WARN_EMPTY_BODY = YES;
				CLANG_WARN_ENUM_CONVERSION = YES;
				CLANG_WARN_INFINITE_RECURSION = YES;
				CLANG_WARN_INT_CONVERSION = YES;
				CLANG_WARN_NON_LITERAL_NULL_CONVERSION = YES;
				CLANG_WARN_OBJC_IMPLICIT_RETAIN_SELF = YES;
				CLANG_WARN_OBJC_LITERAL_CONVERSION = YES;
				CLANG_WARN_OBJC_ROOT_CLASS = YES_ERROR;
				CLANG_WARN_QUOTED_INCLUDE_IN_FRAMEWORK_HEADER = YES;
				CLANG_WARN_RANGE_LOOP_ANALYSIS = YES;
				CLANG_WARN_STRICT_PROTOTYPES = YES;
				CLANG_WARN_SUSPICIOUS_MOVE = YES;
				CLANG_WARN_UNGUARDED_AVAILABILITY = YES_AGGRESSIVE;
				CLANG_WARN_UNREACHABLE_CODE = YES;
				CLANG_WARN__DUPLICATE_METHOD_MATCH = YES;
				COPY_PHASE_STRIP = NO;
				DEBUG_INFORMATION_FORMAT = dwarf;
				ENABLE_STRICT_OBJC_MSGSEND = YES;
				ENABLE_TESTABILITY = YES;
				ENABLE_USER_SCRIPT_SANDBOXING = YES;
				GCC_C_LANGUAGE_STANDARD = gnu17;
				GCC_DYNAMIC_NO_PIC = NO;
				GCC_NO_COMMON_BLOCKS = YES;
				GCC_OPTIMIZATION_LEVEL = 0;
				GCC_PREPROCESSOR_DEFINITIONS = (
					"DEBUG=1",
					"$(inherited)",
				);
				GCC_WARN_64_TO_32_BIT_CONVERSION = YES;
				GCC_WARN_ABOUT_RETURN_TYPE = YES_ERROR;
				GCC_WARN_UNDECLARED_SELECTOR = YES;
				GCC_WARN_UNINITIALIZED_AUTOS = YES_AGGRESSIVE;
				GCC_WARN_UNUSED_FUNCTION = YES;
				GCC_WARN_UNUSED_VARIABLE = YES;
				IPHONEOS_DEPLOYMENT_TARGET = 17.5;
				LOCALIZATION_PREFERS_STRING_CATALOGS = YES;
				MTL_ENABLE_DEBUG_INFO = INCLUDE_SOURCE;
				MTL_FAST_MATH = YES;
				ONLY_ACTIVE_ARCH = YES;
				SDKROOT = iphoneos;
				SWIFT_ACTIVE_COMPILATION_CONDITIONS = "DEBUG $(inherited)";
				SWIFT_OPTIMIZATION_LEVEL = "-Onone";
			};
			name = Debug;
		};
		B09809CE2C0A2B7A0039F399 /* Release */ = {
			isa = XCBuildConfiguration;
			buildSettings = {
				ALWAYS_SEARCH_USER_PATHS = NO;
				ASSETCATALOG_COMPILER_GENERATE_SWIFT_ASSET_SYMBOL_EXTENSIONS = YES;
				CLANG_ANALYZER_NONNULL = YES;
				CLANG_ANALYZER_NUMBER_OBJECT_CONVERSION = YES_AGGRESSIVE;
				CLANG_CXX_LANGUAGE_STANDARD = "gnu++20";
				CLANG_ENABLE_MODULES = YES;
				CLANG_ENABLE_OBJC_ARC = YES;
				CLANG_ENABLE_OBJC_WEAK = YES;
				CLANG_WARN_BLOCK_CAPTURE_AUTORELEASING = YES;
				CLANG_WARN_BOOL_CONVERSION = YES;
				CLANG_WARN_COMMA = YES;
				CLANG_WARN_CONSTANT_CONVERSION = YES;
				CLANG_WARN_DEPRECATED_OBJC_IMPLEMENTATIONS = YES;
				CLANG_WARN_DIRECT_OBJC_ISA_USAGE = YES_ERROR;
				CLANG_WARN_DOCUMENTATION_COMMENTS = YES;
				CLANG_WARN_EMPTY_BODY = YES;
				CLANG_WARN_ENUM_CONVERSION = YES;
				CLANG_WARN_INFINITE_RECURSION = YES;
				CLANG_WARN_INT_CONVERSION = YES;
				CLANG_WARN_NON_LITERAL_NULL_CONVERSION = YES;
				CLANG_WARN_OBJC_IMPLICIT_RETAIN_SELF = YES;
				CLANG_WARN_OBJC_LITERAL_CONVERSION = YES;
				CLANG_WARN_OBJC_ROOT_CLASS = YES_ERROR;
				CLANG_WARN_QUOTED_INCLUDE_IN_FRAMEWORK_HEADER = YES;
				CLANG_WARN_RANGE_LOOP_ANALYSIS = YES;
				CLANG_WARN_STRICT_PROTOTYPES = YES;
				CLANG_WARN_SUSPICIOUS_MOVE = YES;
				CLANG_WARN_UNGUARDED_AVAILABILITY = YES_AGGRESSIVE;
				CLANG_WARN_UNREACHABLE_CODE = YES;
				CLANG_WARN__DUPLICATE_METHOD_MATCH = YES;
				COPY_PHASE_STRIP = NO;
				DEBUG_INFORMATION_FORMAT = "dwarf-with-dsym";
				ENABLE_NS_ASSERTIONS = NO;
				ENABLE_STRICT_OBJC_MSGSEND = YES;
				ENABLE_USER_SCRIPT_SANDBOXING = YES;
				GCC_C_LANGUAGE_STANDARD = gnu17;
				GCC_NO_COMMON_BLOCKS = YES;
				GCC_WARN_64_TO_32_BIT_CONVERSION = YES;
				GCC_WARN_ABOUT_RETURN_TYPE = YES_ERROR;
				GCC_WARN_UNDECLARED_SELECTOR = YES;
				GCC_WARN_UNINITIALIZED_AUTOS = YES_AGGRESSIVE;
				GCC_WARN_UNUSED_FUNCTION = YES;
				GCC_WARN_UNUSED_VARIABLE = YES;
				IPHONEOS_DEPLOYMENT_TARGET = 17.5;
				LOCALIZATION_PREFERS_STRING_CATALOGS = YES;
				MTL_ENABLE_DEBUG_INFO = NO;
				MTL_FAST_MATH = YES;
				SDKROOT = iphoneos;
				SWIFT_COMPILATION_MODE = wholemodule;
				VALIDATE_PRODUCT = YES;
			};
			name = Release;
		};
		B09809D02C0A2B7A0039F399 /* Debug */ = {
			isa = XCBuildConfiguration;
			buildSettings = {
				ASSETCATALOG_COMPILER_APPICON_NAME = AppIcon;
				ASSETCATALOG_COMPILER_GLOBAL_ACCENT_COLOR_NAME = AccentColor;
				CODE_SIGN_STYLE = Automatic;
				CURRENT_PROJECT_VERSION = 1;
				GENERATE_INFOPLIST_FILE = YES;
				INFOPLIST_FILE = TravelTalk_0531/Info.plist;
				INFOPLIST_KEY_UIApplicationSupportsIndirectInputEvents = YES;
				INFOPLIST_KEY_UILaunchStoryboardName = LaunchScreen;
				INFOPLIST_KEY_UIMainStoryboardFile = Main;
				INFOPLIST_KEY_UISupportedInterfaceOrientations_iPad = "UIInterfaceOrientationPortrait UIInterfaceOrientationPortraitUpsideDown UIInterfaceOrientationLandscapeLeft UIInterfaceOrientationLandscapeRight";
				INFOPLIST_KEY_UISupportedInterfaceOrientations_iPhone = "UIInterfaceOrientationPortrait UIInterfaceOrientationLandscapeLeft UIInterfaceOrientationLandscapeRight";
				IPHONEOS_DEPLOYMENT_TARGET = 16.0;
				LD_RUNPATH_SEARCH_PATHS = (
					"$(inherited)",
					"@executable_path/Frameworks",
				);
				MARKETING_VERSION = 1.0;
				PRODUCT_BUNDLE_IDENTIFIER = "com.miley.TravelTalk-0531";
				PRODUCT_NAME = "$(TARGET_NAME)";
				SUPPORTED_PLATFORMS = "iphoneos iphonesimulator";
				SUPPORTS_MACCATALYST = NO;
				SUPPORTS_MAC_DESIGNED_FOR_IPHONE_IPAD = NO;
				SUPPORTS_XR_DESIGNED_FOR_IPHONE_IPAD = NO;
				SWIFT_EMIT_LOC_STRINGS = YES;
				SWIFT_VERSION = 5.0;
				TARGETED_DEVICE_FAMILY = 1;
			};
			name = Debug;
		};
		B09809D12C0A2B7A0039F399 /* Release */ = {
			isa = XCBuildConfiguration;
			buildSettings = {
				ASSETCATALOG_COMPILER_APPICON_NAME = AppIcon;
				ASSETCATALOG_COMPILER_GLOBAL_ACCENT_COLOR_NAME = AccentColor;
				CODE_SIGN_STYLE = Automatic;
				CURRENT_PROJECT_VERSION = 1;
				GENERATE_INFOPLIST_FILE = YES;
				INFOPLIST_FILE = TravelTalk_0531/Info.plist;
				INFOPLIST_KEY_UIApplicationSupportsIndirectInputEvents = YES;
				INFOPLIST_KEY_UILaunchStoryboardName = LaunchScreen;
				INFOPLIST_KEY_UIMainStoryboardFile = Main;
				INFOPLIST_KEY_UISupportedInterfaceOrientations_iPad = "UIInterfaceOrientationPortrait UIInterfaceOrientationPortraitUpsideDown UIInterfaceOrientationLandscapeLeft UIInterfaceOrientationLandscapeRight";
				INFOPLIST_KEY_UISupportedInterfaceOrientations_iPhone = "UIInterfaceOrientationPortrait UIInterfaceOrientationLandscapeLeft UIInterfaceOrientationLandscapeRight";
				IPHONEOS_DEPLOYMENT_TARGET = 16.0;
				LD_RUNPATH_SEARCH_PATHS = (
					"$(inherited)",
					"@executable_path/Frameworks",
				);
				MARKETING_VERSION = 1.0;
				PRODUCT_BUNDLE_IDENTIFIER = "com.miley.TravelTalk-0531";
				PRODUCT_NAME = "$(TARGET_NAME)";
				SUPPORTED_PLATFORMS = "iphoneos iphonesimulator";
				SUPPORTS_MACCATALYST = NO;
				SUPPORTS_MAC_DESIGNED_FOR_IPHONE_IPAD = NO;
				SUPPORTS_XR_DESIGNED_FOR_IPHONE_IPAD = NO;
				SWIFT_EMIT_LOC_STRINGS = YES;
				SWIFT_VERSION = 5.0;
				TARGETED_DEVICE_FAMILY = 1;
			};
			name = Release;
		};
/* End XCBuildConfiguration section */

/* Begin XCConfigurationList section */
		B09809B62C0A2B790039F399 /* Build configuration list for PBXProject "TravelTalk_0531" */ = {
			isa = XCConfigurationList;
			buildConfigurations = (
				B09809CD2C0A2B7A0039F399 /* Debug */,
				B09809CE2C0A2B7A0039F399 /* Release */,
			);
			defaultConfigurationIsVisible = 0;
			defaultConfigurationName = Release;
		};
		B09809CF2C0A2B7A0039F399 /* Build configuration list for PBXNativeTarget "TravelTalk_0531" */ = {
			isa = XCConfigurationList;
			buildConfigurations = (
				B09809D02C0A2B7A0039F399 /* Debug */,
				B09809D12C0A2B7A0039F399 /* Release */,
			);
			defaultConfigurationIsVisible = 0;
			defaultConfigurationName = Release;
		};
/* End XCConfigurationList section */
	};
	rootObject = B09809B32C0A2B790039F399 /* Project object */;
}
